
Microsoft Visual Studio Solution File, Format Version 12.00
# Visual Studio Version 17
VisualStudioVersion = 17.14.37012.4
MinimumVisualStudioVersion = 10.0.40219.1
Project("{FAE04EC0-301F-11D3-BF4B-00C04F79EFBC}") = "ClientA", "ClientA\ClientA.csproj", "{29C332C0-108E-4153-95F6-9B959152035D}"
EndProject
Project("{FAE04EC0-301F-11D3-BF4B-00C04F79EFBC}") = "ClientB", "ClientB\ClientB.csproj", "{3A6973FF-09CE-4C4E-9655-3EBF1C3155BA}"
EndProject
Project("{FAE04EC0-301F-11D3-BF4B-00C04F79EFBC}") = "Server", "Server\Server.csproj", "{9ABD636E-8AE4-4787-BAAC-8A755AA126E5}"
EndProject
Global
	GlobalSection(SolutionConfigurationPlatforms) = preSolution
		Debug|Any CPU = Debug|Any CPU
		Release|Any CPU = Release|Any CPU
	EndGlobalSection
	GlobalSection(ProjectConfigurationPlatforms) = postSolution
		{29C332C0-108E-4153-95F6-9B959152035D}.Debug|Any CPU.ActiveCfg = Debug|Any CPU
		{29C332C0-108E-4153-95F6-9B959152035D}.Debug|Any CPU.Build.0 = Debug|Any CPU
		{29C332C0-108E-4153-95F6-9B959152035D}.Release|Any CPU.ActiveCfg = Release|Any CPU
		{29C332C0-108E-4153-95F6-9B959152035D}.Release|Any CPU.Build.0 = Release|Any CPU
		{3A6973FF-09CE-4C4E-9655-3EBF1C3155BA}.Debug|Any CPU.ActiveCfg = Debug|Any CPU
		{3A6973FF-09CE-4C4E-9655-3EBF1C3155BA}.Debug|Any CPU.Build.0 = Debug|Any CPU
		{3A6973FF-09CE-4C4E-9655-3EBF1C3155BA}.Release|Any CPU.ActiveCfg = Release|Any CPU
		{3A6973FF-09CE-4C4E-9655-3EBF1C3155BA}.Release|Any CPU.Build.0 = Release|Any CPU
		{9ABD636E-8AE4-4787-BAAC-8A755AA126E5}.Debug|Any CPU.ActiveCfg = Debug|Any CPU
		{9ABD636E-8AE4-4787-BAAC-8A755AA126E5}.Debug|Any CPU.Build.0 = Debug|Any CPU
		{9ABD636E-8AE4-4787-BAAC-8A755AA126E5}.Release|Any CPU.ActiveCfg = Release|Any CPU
		{9ABD636E-8AE4-4787-BAAC-8A755AA126E5}.Release|Any CPU.Build.0 = Release|Any CPU
	EndGlobalSection
	GlobalSection(SolutionProperties) = preSolution
		HideSolutionNode = FALSE
	EndGlobalSection
	GlobalSection(ExtensibilityGlobals) = postSolution
		SolutionGuid = {391BC685-E558-4432-9238-481BE0BA3E30}
	EndGlobalSection
EndGlobal
